
Microsoft Visual Studio Solution File, Format Version 12.00
# Visual Studio Version 16
VisualStudioVersion = 16.0.30011.22
MinimumVisualStudioVersion = 10.0.40219.1
Project("{FAE04EC0-301F-11D3-BF4B-00C04F79EFBC}") = "MonopolyDeal", "MonopolyDeal\MonopolyDeal.csproj", "{D2AC25EF-64F1-4478-BBA6-687ACDF1F6A1}"
EndProject
Global
	GlobalSection(SolutionConfigurationPlatforms) = preSolution
		Debug|Any CPU = Debug|Any CPU
		Release|Any CPU = Release|Any CPU
	EndGlobalSection
	GlobalSection(ProjectConfigurationPlatforms) = postSolution
		{D2AC25EF-64F1-4478-BBA6-687ACDF1F6A1}.Debug|Any CPU.ActiveCfg = Debug|Any CPU
		{D2AC25EF-64F1-4478-BBA6-687ACDF1F6A1}.Debug|Any CPU.Build.0 = Debug|Any CPU
		{D2AC25EF-64F1-4478-BBA6-687ACDF1F6A1}.Release|Any CPU.ActiveCfg = Release|Any CPU
		{D2AC25EF-64F1-4478-BBA6-687ACDF1F6A1}.Release|Any CPU.Build.0 = Release|Any CPU
	EndGlobalSection
	GlobalSection(SolutionProperties) = preSolution
		HideSolutionNode = FALSE
	EndGlobalSection
	GlobalSection(ExtensibilityGlobals) = postSolution
		SolutionGuid = {7265E86A-BBBA-4559-B50C-720342AFCD53}
	EndGlobalSection
EndGlobal
